
Microsoft Visual Studio Solution File, Format Version 12.00
# Visual Studio 15
VisualStudioVersion = 15.0.26730.16
MinimumVisualStudioVersion = 10.0.40219.1
Project("{FAE04EC0-301F-11D3-BF4B-00C04F79EFBC}") = "GUI", "GUI\GUI.csproj", "{9BA33F2C-75AF-4565-A36C-FCBC7253DE8A}"
EndProject
Project("{FAE04EC0-301F-11D3-BF4B-00C04F79EFBC}") = "DAL", "DAL\DAL.csproj", "{A85D9DD3-0B59-46BB-AFAF-9FB48FFED4E7}"
EndProject
Project("{FAE04EC0-301F-11D3-BF4B-00C04F79EFBC}") = "DTO", "DTO\DTO.csproj", "{951912CF-9B5C-497F-927A-14335B2C1212}"
EndProject
Project("{FAE04EC0-301F-11D3-BF4B-00C04F79EFBC}") = "BLL", "BLL\BLL.csproj", "{84CDF831-2AD8-42A7-80D6-ECB2AB5F5847}"
EndProject
Project("{FAE04EC0-301F-11D3-BF4B-00C04F79EFBC}") = "CommContracts", "Contracts\CommContracts.csproj", "{EA1940A3-A5D4-4B0F-8A6F-6E75867F15AF}"
EndProject
Project("{FAE04EC0-301F-11D3-BF4B-00C04F79EFBC}") = "CommServer", "CommServer\CommServer.csproj", "{D5696E0E-783F-428B-9114-0B4781E64F46}"
EndProject
Project("{FAE04EC0-301F-11D3-BF4B-00C04F79EFBC}") = "CommClient", "CommClient\CommClient.csproj", "{AB36F953-CC8D-427C-A427-36DDB542F73C}"
EndProject
Global
	GlobalSection(SolutionConfigurationPlatforms) = preSolution
		Debug|Any CPU = Debug|Any CPU
		Release|Any CPU = Release|Any CPU
	EndGlobalSection
	GlobalSection(ProjectConfigurationPlatforms) = postSolution
		{9BA33F2C-75AF-4565-A36C-FCBC7253DE8A}.Debug|Any CPU.ActiveCfg = Debug|Any CPU
		{9BA33F2C-75AF-4565-A36C-FCBC7253DE8A}.Debug|Any CPU.Build.0 = Debug|Any CPU
		{9BA33F2C-75AF-4565-A36C-FCBC7253DE8A}.Release|Any CPU.ActiveCfg = Release|Any CPU
		{9BA33F2C-75AF-4565-A36C-FCBC7253DE8A}.Release|Any CPU.Build.0 = Release|Any CPU
		{A85D9DD3-0B59-46BB-AFAF-9FB48FFED4E7}.Debug|Any CPU.ActiveCfg = Debug|Any CPU
		{A85D9DD3-0B59-46BB-AFAF-9FB48FFED4E7}.Debug|Any CPU.Build.0 = Debug|Any CPU
		{A85D9DD3-0B59-46BB-AFAF-9FB48FFED4E7}.Release|Any CPU.ActiveCfg = Release|Any CPU
		{A85D9DD3-0B59-46BB-AFAF-9FB48FFED4E7}.Release|Any CPU.Build.0 = Release|Any CPU
		{951912CF-9B5C-497F-927A-14335B2C1212}.Debug|Any CPU.ActiveCfg = Debug|Any CPU
		{951912CF-9B5C-497F-927A-14335B2C1212}.Debug|Any CPU.Build.0 = Debug|Any CPU
		{951912CF-9B5C-497F-927A-14335B2C1212}.Release|Any CPU.ActiveCfg = Release|Any CPU
		{951912CF-9B5C-497F-927A-14335B2C1212}.Release|Any CPU.Build.0 = Release|Any CPU
		{84CDF831-2AD8-42A7-80D6-ECB2AB5F5847}.Debug|Any CPU.ActiveCfg = Debug|Any CPU
		{84CDF831-2AD8-42A7-80D6-ECB2AB5F5847}.Debug|Any CPU.Build.0 = Debug|Any CPU
		{84CDF831-2AD8-42A7-80D6-ECB2AB5F5847}.Release|Any CPU.ActiveCfg = Release|Any CPU
		{84CDF831-2AD8-42A7-80D6-ECB2AB5F5847}.Release|Any CPU.Build.0 = Release|Any CPU
		{EA1940A3-A5D4-4B0F-8A6F-6E75867F15AF}.Debug|Any CPU.ActiveCfg = Debug|Any CPU
		{EA1940A3-A5D4-4B0F-8A6F-6E75867F15AF}.Debug|Any CPU.Build.0 = Debug|Any CPU
		{EA1940A3-A5D4-4B0F-8A6F-6E75867F15AF}.Release|Any CPU.ActiveCfg = Release|Any CPU
		{EA1940A3-A5D4-4B0F-8A6F-6E75867F15AF}.Release|Any CPU.Build.0 = Release|Any CPU
		{D5696E0E-783F-428B-9114-0B4781E64F46}.Debug|Any CPU.ActiveCfg = Debug|Any CPU
		{D5696E0E-783F-428B-9114-0B4781E64F46}.Debug|Any CPU.Build.0 = Debug|Any CPU
		{D5696E0E-783F-428B-9114-0B4781E64F46}.Release|Any CPU.ActiveCfg = Release|Any CPU
		{D5696E0E-783F-428B-9114-0B4781E64F46}.Release|Any CPU.Build.0 = Release|Any CPU
		{AB36F953-CC8D-427C-A427-36DDB542F73C}.Debug|Any CPU.ActiveCfg = Debug|Any CPU
		{AB36F953-CC8D-427C-A427-36DDB542F73C}.Debug|Any CPU.Build.0 = Debug|Any CPU
		{AB36F953-CC8D-427C-A427-36DDB542F73C}.Release|Any CPU.ActiveCfg = Release|Any CPU
		{AB36F953-CC8D-427C-A427-36DDB542F73C}.Release|Any CPU.Build.0 = Release|Any CPU
	EndGlobalSection
	GlobalSection(SolutionProperties) = preSolution
		HideSolutionNode = FALSE
	EndGlobalSection
	GlobalSection(ExtensibilityGlobals) = postSolution
		SolutionGuid = {304896B5-0175-4905-BFE1-700A7253AEC4}
	EndGlobalSection
EndGlobal
